
Microsoft Visual Studio Solution File, Format Version 12.00
# Visual Studio Version 16
VisualStudioVersion = 16.0.30907.101
MinimumVisualStudioVersion = 10.0.40219.1
Project("{9A19103F-16F7-4668-BE54-9A1E7A4F7556}") = "CodeFirst.Data", "CodeFirst.Data\CodeFirst.Data.csproj", "{943568E4-12C3-4A59-9774-65D7CDB8ACF2}"
EndProject
Project("{9A19103F-16F7-4668-BE54-9A1E7A4F7556}") = "CodeFirst.API", "CodeFirst.API\CodeFirst.API.csproj", "{722BB46E-5F56-4238-B682-60E6D3849141}"
EndProject
Project("{2150E333-8FDC-42A3-9474-1A3956D46DE8}") = "Docs", "Docs", "{B5854062-7387-437A-92AF-7DB7C82543C6}"
	ProjectSection(SolutionItems) = preProject
		..\..\Framework\netFramework\docs\DbContexts.md = ..\..\Framework\netFramework\docs\DbContexts.md
	EndProjectSection
EndProject
Global
	GlobalSection(SolutionConfigurationPlatforms) = preSolution
		Debug|Any CPU = Debug|Any CPU
		Release|Any CPU = Release|Any CPU
	EndGlobalSection
	GlobalSection(ProjectConfigurationPlatforms) = postSolution
		{943568E4-12C3-4A59-9774-65D7CDB8ACF2}.Debug|Any CPU.ActiveCfg = Debug|Any CPU
		{943568E4-12C3-4A59-9774-65D7CDB8ACF2}.Debug|Any CPU.Build.0 = Debug|Any CPU
		{943568E4-12C3-4A59-9774-65D7CDB8ACF2}.Release|Any CPU.ActiveCfg = Release|Any CPU
		{943568E4-12C3-4A59-9774-65D7CDB8ACF2}.Release|Any CPU.Build.0 = Release|Any CPU
		{722BB46E-5F56-4238-B682-60E6D3849141}.Debug|Any CPU.ActiveCfg = Debug|Any CPU
		{722BB46E-5F56-4238-B682-60E6D3849141}.Debug|Any CPU.Build.0 = Debug|Any CPU
		{722BB46E-5F56-4238-B682-60E6D3849141}.Release|Any CPU.ActiveCfg = Release|Any CPU
		{722BB46E-5F56-4238-B682-60E6D3849141}.Release|Any CPU.Build.0 = Release|Any CPU
	EndGlobalSection
	GlobalSection(SolutionProperties) = preSolution
		HideSolutionNode = FALSE
	EndGlobalSection
	GlobalSection(ExtensibilityGlobals) = postSolution
		SolutionGuid = {141E956B-A5AB-45CF-B921-48EDD2BCED83}
	EndGlobalSection
EndGlobal
